# This file is automatically @generated by Cargo.
# It is not intended for manual editing.
version = 3

[[package]]
name = "kage-cli"
version = "0.1.0"
dependencies = [
 "kage-container",
 "kage-core",
 "kage-git",
 "kage-overlay",
]

[[package]]
name = "kage-container"
version = "0.1.0"

[[package]]
name = "kage-core"
version = "0.1.0"

[[package]]
name = "kage-git"
version = "0.1.0"

[[package]]
name = "kage-overlay"
version = "0.1.0"
